
Microsoft Visual Studio Solution File, Format Version 12.00
# Visual Studio 15
VisualStudioVersion = 15.0.27703.2047
MinimumVisualStudioVersion = 10.0.40219.1
Project("{FAE04EC0-301F-11D3-BF4B-00C04F79EFBC}") = "TestTaskForTheXrm", "TestTaskForTheXrm\TestTaskForTheXrm.csproj", "{7168160A-2AAA-4348-A074-BF26BD252D7C}"
EndProject
Global
	GlobalSection(SolutionConfigurationPlatforms) = preSolution
		Debug|Any CPU = Debug|Any CPU
		Release|Any CPU = Release|Any CPU
	EndGlobalSection
	GlobalSection(ProjectConfigurationPlatforms) = postSolution
		{7168160A-2AAA-4348-A074-BF26BD252D7C}.Debug|Any CPU.ActiveCfg = Debug|Any CPU
		{7168160A-2AAA-4348-A074-BF26BD252D7C}.Debug|Any CPU.Build.0 = Debug|Any CPU
		{7168160A-2AAA-4348-A074-BF26BD252D7C}.Release|Any CPU.ActiveCfg = Release|Any CPU
		{7168160A-2AAA-4348-A074-BF26BD252D7C}.Release|Any CPU.Build.0 = Release|Any CPU
	EndGlobalSection
	GlobalSection(SolutionProperties) = preSolution
		HideSolutionNode = FALSE
	EndGlobalSection
	GlobalSection(ExtensibilityGlobals) = postSolution
		SolutionGuid = {750A228A-85B9-47E7-809F-17384DD8130A}
	EndGlobalSection
EndGlobal
